[[package]]
name = "bytecode"
source = "git+https://github.com/FuelLabs/sway-libs?tag=v0.19.0#dcbbec000a9051e71c0c21f4b720eebbb55c199a"
dependencies = ["std"]

[[package]]
name = "coin-flip"
source = "member"
dependencies = ["std"]

[[package]]
name = "core"
source = "path+from-root-B672DC9E3D340CD2"

[[package]]
name = "fuelnaut"
source = "member"
dependencies = [
    "bytecode",
    "ownership",
    "src5",
    "std",
]

[[package]]
name = "ownership"
source = "git+https://github.com/FuelLabs/sway-libs?tag=v0.18.0#8d196e9379463d4596ac582a20a84ed52ff58c69"
dependencies = [
    "src_5",
    "std",
]

[[package]]
name = "payback"
source = "member"
dependencies = ["std"]

[[package]]
name = "src5"
source = "git+https://github.com/FuelLabs/sway-standards?tag=v0.3.3#4198b4b07449ad16104cc8a0501f3013670fdcfd"
dependencies = ["std"]

[[package]]
name = "src_5"
source = "git+https://github.com/FuelLabs/sway-standards?tag=v0.2.2#6989cf8224b0d8aabea62f3d3c648fc754948705"
dependencies = ["std"]

[[package]]
name = "std"
source = "git+https://github.com/fuellabs/sway?tag=v0.49.2#a70c746d27b3300beef896ccd1dcce1299836192"
dependencies = ["core"]

[[package]]
name = "vault"
source = "member"
dependencies = ["std"]
